
Microsoft Visual Studio Solution File, Format Version 12.00
Project("{FAE04EC0-301F-11D3-BF4B-00C04F79EFBC}") = "max-flow-ford-fulkerson", "max-flow-ford-fulkerson\max-flow-ford-fulkerson.csproj", "{AFCDABAF-8F2C-468F-AFE4-B9E814ADD8C2}"
EndProject
Global
	GlobalSection(SolutionConfigurationPlatforms) = preSolution
		Debug|Any CPU = Debug|Any CPU
		Release|Any CPU = Release|Any CPU
	EndGlobalSection
	GlobalSection(ProjectConfigurationPlatforms) = postSolution
		{AFCDABAF-8F2C-468F-AFE4-B9E814ADD8C2}.Debug|Any CPU.ActiveCfg = Debug|Any CPU
		{AFCDABAF-8F2C-468F-AFE4-B9E814ADD8C2}.Debug|Any CPU.Build.0 = Debug|Any CPU
		{AFCDABAF-8F2C-468F-AFE4-B9E814ADD8C2}.Release|Any CPU.ActiveCfg = Release|Any CPU
		{AFCDABAF-8F2C-468F-AFE4-B9E814ADD8C2}.Release|Any CPU.Build.0 = Release|Any CPU
	EndGlobalSection
EndGlobal
